
Microsoft Visual Studio Solution File, Format Version 12.00
# Visual Studio Version 16
VisualStudioVersion = 16.0.31702.278
MinimumVisualStudioVersion = 10.0.40219.1
Project("{FAE04EC0-301F-11D3-BF4B-00C04F79EFBC}") = "Sept28FBChallenge", "Sept28FBChallenge\Sept28FBChallenge.csproj", "{B5463D98-FED8-43DA-88EF-1A72D257472D}"
EndProject
Project("{FAE04EC0-301F-11D3-BF4B-00C04F79EFBC}") = "Sept28FBClass", "Sept28FBClass\Sept28FBClass.csproj", "{7F5A51D3-2075-4845-BC1C-58D3A07D7D33}"
EndProject
Global
	GlobalSection(SolutionConfigurationPlatforms) = preSolution
		Debug|Any CPU = Debug|Any CPU
		Release|Any CPU = Release|Any CPU
	EndGlobalSection
	GlobalSection(ProjectConfigurationPlatforms) = postSolution
		{B5463D98-FED8-43DA-88EF-1A72D257472D}.Debug|Any CPU.ActiveCfg = Debug|Any CPU
		{B5463D98-FED8-43DA-88EF-1A72D257472D}.Debug|Any CPU.Build.0 = Debug|Any CPU
		{B5463D98-FED8-43DA-88EF-1A72D257472D}.Release|Any CPU.ActiveCfg = Release|Any CPU
		{B5463D98-FED8-43DA-88EF-1A72D257472D}.Release|Any CPU.Build.0 = Release|Any CPU
		{7F5A51D3-2075-4845-BC1C-58D3A07D7D33}.Debug|Any CPU.ActiveCfg = Debug|Any CPU
		{7F5A51D3-2075-4845-BC1C-58D3A07D7D33}.Debug|Any CPU.Build.0 = Debug|Any CPU
		{7F5A51D3-2075-4845-BC1C-58D3A07D7D33}.Release|Any CPU.ActiveCfg = Release|Any CPU
		{7F5A51D3-2075-4845-BC1C-58D3A07D7D33}.Release|Any CPU.Build.0 = Release|Any CPU
	EndGlobalSection
	GlobalSection(SolutionProperties) = preSolution
		HideSolutionNode = FALSE
	EndGlobalSection
	GlobalSection(ExtensibilityGlobals) = postSolution
		SolutionGuid = {789C29BB-1115-4CF1-8305-BD792AB1FF1E}
	EndGlobalSection
EndGlobal
